
Microsoft Visual Studio Solution File, Format Version 12.00
# Visual Studio Version 17
VisualStudioVersion = 17.5.002.0
MinimumVisualStudioVersion = 10.0.40219.1
Project("{9A19103F-16F7-4668-BE54-9A1E7A4F7556}") = "WorkerUM", "WorkerUM.csproj", "{A9E4E1D1-EE99-4436-B05C-F838B37AA64E}"
EndProject
Global
	GlobalSection(SolutionConfigurationPlatforms) = preSolution
		Debug|Any CPU = Debug|Any CPU
		Release|Any CPU = Release|Any CPU
	EndGlobalSection
	GlobalSection(ProjectConfigurationPlatforms) = postSolution
		{A9E4E1D1-EE99-4436-B05C-F838B37AA64E}.Debug|Any CPU.ActiveCfg = Debug|Any CPU
		{A9E4E1D1-EE99-4436-B05C-F838B37AA64E}.Debug|Any CPU.Build.0 = Debug|Any CPU
		{A9E4E1D1-EE99-4436-B05C-F838B37AA64E}.Release|Any CPU.ActiveCfg = Release|Any CPU
		{A9E4E1D1-EE99-4436-B05C-F838B37AA64E}.Release|Any CPU.Build.0 = Release|Any CPU
	EndGlobalSection
	GlobalSection(SolutionProperties) = preSolution
		HideSolutionNode = FALSE
	EndGlobalSection
	GlobalSection(ExtensibilityGlobals) = postSolution
		SolutionGuid = {A67AB015-7510-4515-B3EF-082826FDF555}
	EndGlobalSection
EndGlobal
